
Microsoft Visual Studio Solution File, Format Version 12.00
# Visual Studio Version 16
VisualStudioVersion = 16.0.29728.190
MinimumVisualStudioVersion = 10.0.40219.1
Project("{2150E333-8FDC-42A3-9474-1A3956D46DE8}") = "Indico.RPAActivities", "Indico.RPAActivities", "{48DE06B4-1D5A-4D7B-837C-56EBDB9FDC80}"
EndProject
Project("{9A19103F-16F7-4668-BE54-9A1E7A4F7556}") = "Indico.RPAActivities", "Indico.RPAActivities\Indico.RPAActivities\Indico.RPAActivities.csproj", "{3F204ABB-AAEB-4540-8707-A45B3E7961DE}"
EndProject
Project("{9A19103F-16F7-4668-BE54-9A1E7A4F7556}") = "Indico.RPAActivities.Activities", "Indico.RPAActivities\Indico.RPAActivities.Activities\Indico.RPAActivities.Activities.csproj", "{51F8B27E-A131-47D6-A8DC-2E57F29172B8}"
EndProject
Project("{9A19103F-16F7-4668-BE54-9A1E7A4F7556}") = "Indico.RPAActivities.Activities.Design", "Indico.RPAActivities\Indico.RPAActivities.Activities.Design\Indico.RPAActivities.Activities.Design.csproj", "{86F25D09-FAC6-4472-B6C9-11511CFB6D4F}"
EndProject
Project("{2150E333-8FDC-42A3-9474-1A3956D46DE8}") = "Shared", "Shared", "{B1C368CB-01F3-4BC4-B81D-9B382D2567EA}"
EndProject
Project("{D954291E-2A0B-460D-934E-DC6B0785DB48}") = "UiPath.Shared.Activities", "Shared\UiPath.Shared.Activities\UiPath.Shared.Activities.shproj", "{4546856D-EA50-45C6-9419-EEEACB5A80AA}"
EndProject
Project("{D954291E-2A0B-460D-934E-DC6B0785DB48}") = "UiPath.Shared.Activities.Design", "Shared\UiPath.Shared.Activities.Design\UiPath.Shared.Activities.Design.shproj", "{DF9C43F0-ADD3-4FBF-995E-84B92F9CBF25}"
EndProject
Project("{9A19103F-16F7-4668-BE54-9A1E7A4F7556}") = "UiPath.Shared.Activities.Tests", "UiPath.Shared.Activities.Tests\UiPath.Shared.Activities.Tests.csproj", "{53170522-71CB-4D81-A5A0-9F9ED66DB694}"
EndProject
Project("{2150E333-8FDC-42A3-9474-1A3956D46DE8}") = "V2Client", "V2Client", "{3701D342-31F5-43EB-82C0-19CB03B83FD2}"
EndProject
Project("{9A19103F-16F7-4668-BE54-9A1E7A4F7556}") = "IndicoV2", "indico-client-csharp\IndicoV2\IndicoV2.csproj", "{4B037E6E-B858-4EA6-91AF-E76689FF2BD1}"
EndProject
Project("{9A19103F-16F7-4668-BE54-9A1E7A4F7556}") = "Indico", "indico-client-csharp\Indico\Indico.csproj", "{0A1AB80C-9807-48C1-BD99-203EEA60808D}"
EndProject
Project("{9A19103F-16F7-4668-BE54-9A1E7A4F7556}") = "IndicoV2.V1Adapters", "indico-client-csharp\IndicoV2.V1Adapters\IndicoV2.V1Adapters.csproj", "{D84447D5-8809-4F92-9EA4-40D5A56B0442}"
EndProject
Project("{9A19103F-16F7-4668-BE54-9A1E7A4F7556}") = "IndicoV2.Abstractions", "indico-client-csharp\IndicoV2.Abstractions\IndicoV2.Abstractions.csproj", "{F3A87119-8F57-4814-B742-A502F54D8839}"
EndProject
Project("{9A19103F-16F7-4668-BE54-9A1E7A4F7556}") = "IndicoV2.IntegrationTests", "indico-client-csharp\IndicoV2.IntegrationTests\IndicoV2.IntegrationTests.csproj", "{4507660A-35E3-44EC-ADFB-59F946918D27}"
EndProject
Project("{9A19103F-16F7-4668-BE54-9A1E7A4F7556}") = "IndicoV2.Tests", "indico-client-csharp\IndicoV2.Tests\IndicoV2.Tests.csproj", "{3DB908E9-9ACD-4D79-B58E-E0D6EF471A34}"
EndProject
Project("{9A19103F-16F7-4668-BE54-9A1E7A4F7556}") = "IndicoV2.V1Adapters.Tests", "indico-client-csharp\IndicoV2.V1Adapters.Tests\IndicoV2.V1Adapters.Tests.csproj", "{BD64D7F3-371D-4A1A-B522-4E1F70149CC4}"
EndProject
Project("{FAE04EC0-301F-11D3-BF4B-00C04F79EFBC}") = "Indico.RPAActivities.IntegrationTests", "Indico.RPAActivities.IntegrationTests\Indico.RPAActivities.IntegrationTests.csproj", "{BA50C5C3-35C0-4988-9437-D3200C5CEA49}"
EndProject
Global
	GlobalSection(SharedMSBuildProjectFiles) = preSolution
		Shared\UiPath.Shared.Activities\UiPath.Shared.Activities.projitems*{4546856d-ea50-45c6-9419-eeeacb5a80aa}*SharedItemsImports = 13
		Shared\UiPath.Shared.Activities\UiPath.Shared.Activities.projitems*{51f8b27e-a131-47d6-a8dc-2e57f29172b8}*SharedItemsImports = 5
		Shared\UiPath.Shared.Activities.Design\UiPath.Shared.Activities.Design.projitems*{86f25d09-fac6-4472-b6c9-11511cfb6d4f}*SharedItemsImports = 5
		Shared\UiPath.Shared.Activities.Design\UiPath.Shared.Activities.Design.projitems*{df9c43f0-add3-4fbf-995e-84b92f9cbf25}*SharedItemsImports = 13
	EndGlobalSection
	GlobalSection(SolutionConfigurationPlatforms) = preSolution
		Debug|Any CPU = Debug|Any CPU
		Release|Any CPU = Release|Any CPU
	EndGlobalSection
	GlobalSection(ProjectConfigurationPlatforms) = postSolution
		{3F204ABB-AAEB-4540-8707-A45B3E7961DE}.Debug|Any CPU.ActiveCfg = Debug|Any CPU
		{3F204ABB-AAEB-4540-8707-A45B3E7961DE}.Debug|Any CPU.Build.0 = Debug|Any CPU
		{3F204ABB-AAEB-4540-8707-A45B3E7961DE}.Release|Any CPU.ActiveCfg = Release|Any CPU
		{3F204ABB-AAEB-4540-8707-A45B3E7961DE}.Release|Any CPU.Build.0 = Release|Any CPU
		{51F8B27E-A131-47D6-A8DC-2E57F29172B8}.Debug|Any CPU.ActiveCfg = Debug|Any CPU
		{51F8B27E-A131-47D6-A8DC-2E57F29172B8}.Debug|Any CPU.Build.0 = Debug|Any CPU
		{51F8B27E-A131-47D6-A8DC-2E57F29172B8}.Release|Any CPU.ActiveCfg = Release|Any CPU
		{51F8B27E-A131-47D6-A8DC-2E57F29172B8}.Release|Any CPU.Build.0 = Release|Any CPU
		{86F25D09-FAC6-4472-B6C9-11511CFB6D4F}.Debug|Any CPU.ActiveCfg = Debug|Any CPU
		{86F25D09-FAC6-4472-B6C9-11511CFB6D4F}.Debug|Any CPU.Build.0 = Debug|Any CPU
		{86F25D09-FAC6-4472-B6C9-11511CFB6D4F}.Release|Any CPU.ActiveCfg = Release|Any CPU
		{86F25D09-FAC6-4472-B6C9-11511CFB6D4F}.Release|Any CPU.Build.0 = Release|Any CPU
		{53170522-71CB-4D81-A5A0-9F9ED66DB694}.Debug|Any CPU.ActiveCfg = Debug|Any CPU
		{53170522-71CB-4D81-A5A0-9F9ED66DB694}.Debug|Any CPU.Build.0 = Debug|Any CPU
		{53170522-71CB-4D81-A5A0-9F9ED66DB694}.Release|Any CPU.ActiveCfg = Release|Any CPU
		{53170522-71CB-4D81-A5A0-9F9ED66DB694}.Release|Any CPU.Build.0 = Release|Any CPU
		{4B037E6E-B858-4EA6-91AF-E76689FF2BD1}.Debug|Any CPU.ActiveCfg = Debug|Any CPU
		{4B037E6E-B858-4EA6-91AF-E76689FF2BD1}.Debug|Any CPU.Build.0 = Debug|Any CPU
		{4B037E6E-B858-4EA6-91AF-E76689FF2BD1}.Release|Any CPU.ActiveCfg = Release|Any CPU
		{4B037E6E-B858-4EA6-91AF-E76689FF2BD1}.Release|Any CPU.Build.0 = Release|Any CPU
		{0A1AB80C-9807-48C1-BD99-203EEA60808D}.Debug|Any CPU.ActiveCfg = Debug|Any CPU
		{0A1AB80C-9807-48C1-BD99-203EEA60808D}.Debug|Any CPU.Build.0 = Debug|Any CPU
		{0A1AB80C-9807-48C1-BD99-203EEA60808D}.Release|Any CPU.ActiveCfg = Release|Any CPU
		{0A1AB80C-9807-48C1-BD99-203EEA60808D}.Release|Any CPU.Build.0 = Release|Any CPU
		{D84447D5-8809-4F92-9EA4-40D5A56B0442}.Debug|Any CPU.ActiveCfg = Debug|Any CPU
		{D84447D5-8809-4F92-9EA4-40D5A56B0442}.Debug|Any CPU.Build.0 = Debug|Any CPU
		{D84447D5-8809-4F92-9EA4-40D5A56B0442}.Release|Any CPU.ActiveCfg = Release|Any CPU
		{D84447D5-8809-4F92-9EA4-40D5A56B0442}.Release|Any CPU.Build.0 = Release|Any CPU
		{F3A87119-8F57-4814-B742-A502F54D8839}.Debug|Any CPU.ActiveCfg = Debug|Any CPU
		{F3A87119-8F57-4814-B742-A502F54D8839}.Debug|Any CPU.Build.0 = Debug|Any CPU
		{F3A87119-8F57-4814-B742-A502F54D8839}.Release|Any CPU.ActiveCfg = Release|Any CPU
		{F3A87119-8F57-4814-B742-A502F54D8839}.Release|Any CPU.Build.0 = Release|Any CPU
		{4507660A-35E3-44EC-ADFB-59F946918D27}.Debug|Any CPU.ActiveCfg = Debug|Any CPU
		{4507660A-35E3-44EC-ADFB-59F946918D27}.Debug|Any CPU.Build.0 = Debug|Any CPU
		{4507660A-35E3-44EC-ADFB-59F946918D27}.Release|Any CPU.ActiveCfg = Release|Any CPU
		{4507660A-35E3-44EC-ADFB-59F946918D27}.Release|Any CPU.Build.0 = Release|Any CPU
		{3DB908E9-9ACD-4D79-B58E-E0D6EF471A34}.Debug|Any CPU.ActiveCfg = Debug|Any CPU
		{3DB908E9-9ACD-4D79-B58E-E0D6EF471A34}.Debug|Any CPU.Build.0 = Debug|Any CPU
		{3DB908E9-9ACD-4D79-B58E-E0D6EF471A34}.Release|Any CPU.ActiveCfg = Release|Any CPU
		{3DB908E9-9ACD-4D79-B58E-E0D6EF471A34}.Release|Any CPU.Build.0 = Release|Any CPU
		{BD64D7F3-371D-4A1A-B522-4E1F70149CC4}.Debug|Any CPU.ActiveCfg = Debug|Any CPU
		{BD64D7F3-371D-4A1A-B522-4E1F70149CC4}.Debug|Any CPU.Build.0 = Debug|Any CPU
		{BD64D7F3-371D-4A1A-B522-4E1F70149CC4}.Release|Any CPU.ActiveCfg = Release|Any CPU
		{BD64D7F3-371D-4A1A-B522-4E1F70149CC4}.Release|Any CPU.Build.0 = Release|Any CPU
		{BA50C5C3-35C0-4988-9437-D3200C5CEA49}.Debug|Any CPU.ActiveCfg = Debug|Any CPU
		{BA50C5C3-35C0-4988-9437-D3200C5CEA49}.Debug|Any CPU.Build.0 = Debug|Any CPU
		{BA50C5C3-35C0-4988-9437-D3200C5CEA49}.Release|Any CPU.ActiveCfg = Release|Any CPU
		{BA50C5C3-35C0-4988-9437-D3200C5CEA49}.Release|Any CPU.Build.0 = Release|Any CPU
	EndGlobalSection
	GlobalSection(SolutionProperties) = preSolution
		HideSolutionNode = FALSE
	EndGlobalSection
	GlobalSection(NestedProjects) = preSolution
		{3F204ABB-AAEB-4540-8707-A45B3E7961DE} = {48DE06B4-1D5A-4D7B-837C-56EBDB9FDC80}
		{51F8B27E-A131-47D6-A8DC-2E57F29172B8} = {48DE06B4-1D5A-4D7B-837C-56EBDB9FDC80}
		{86F25D09-FAC6-4472-B6C9-11511CFB6D4F} = {48DE06B4-1D5A-4D7B-837C-56EBDB9FDC80}
		{4546856D-EA50-45C6-9419-EEEACB5A80AA} = {B1C368CB-01F3-4BC4-B81D-9B382D2567EA}
		{DF9C43F0-ADD3-4FBF-995E-84B92F9CBF25} = {B1C368CB-01F3-4BC4-B81D-9B382D2567EA}
		{53170522-71CB-4D81-A5A0-9F9ED66DB694} = {B1C368CB-01F3-4BC4-B81D-9B382D2567EA}
		{4B037E6E-B858-4EA6-91AF-E76689FF2BD1} = {3701D342-31F5-43EB-82C0-19CB03B83FD2}
		{0A1AB80C-9807-48C1-BD99-203EEA60808D} = {3701D342-31F5-43EB-82C0-19CB03B83FD2}
		{D84447D5-8809-4F92-9EA4-40D5A56B0442} = {3701D342-31F5-43EB-82C0-19CB03B83FD2}
		{F3A87119-8F57-4814-B742-A502F54D8839} = {3701D342-31F5-43EB-82C0-19CB03B83FD2}
		{4507660A-35E3-44EC-ADFB-59F946918D27} = {3701D342-31F5-43EB-82C0-19CB03B83FD2}
		{3DB908E9-9ACD-4D79-B58E-E0D6EF471A34} = {3701D342-31F5-43EB-82C0-19CB03B83FD2}
		{BD64D7F3-371D-4A1A-B522-4E1F70149CC4} = {3701D342-31F5-43EB-82C0-19CB03B83FD2}
		{BA50C5C3-35C0-4988-9437-D3200C5CEA49} = {48DE06B4-1D5A-4D7B-837C-56EBDB9FDC80}
	EndGlobalSection
	GlobalSection(ExtensibilityGlobals) = postSolution
		SolutionGuid = {AB6B0D92-AB63-4156-A537-B946B44D2A53}
	EndGlobalSection
EndGlobal
